
Microsoft Visual Studio Solution File, Format Version 12.00
Project("{FAE04EC0-301F-11D3-BF4B-00C04F79EFBC}") = "WpfApplication1", "WpfApplication1\WpfApplication1.csproj", "{8155B85B-9DDD-476A-85BA-85068EC7691F}"
EndProject
Global
	GlobalSection(SolutionConfigurationPlatforms) = preSolution
		Debug|Any CPU = Debug|Any CPU
		Release|Any CPU = Release|Any CPU
	EndGlobalSection
	GlobalSection(ProjectConfigurationPlatforms) = postSolution
		{8155B85B-9DDD-476A-85BA-85068EC7691F}.Debug|Any CPU.ActiveCfg = Debug|Any CPU
		{8155B85B-9DDD-476A-85BA-85068EC7691F}.Debug|Any CPU.Build.0 = Debug|Any CPU
		{8155B85B-9DDD-476A-85BA-85068EC7691F}.Release|Any CPU.ActiveCfg = Release|Any CPU
		{8155B85B-9DDD-476A-85BA-85068EC7691F}.Release|Any CPU.Build.0 = Release|Any CPU
	EndGlobalSection
EndGlobal
